
Microsoft Visual Studio Solution File, Format Version 12.00
# Visual Studio Version 17
VisualStudioVersion = 17.3.32819.101
MinimumVisualStudioVersion = 10.0.40219.1
Project("{9A19103F-16F7-4668-BE54-9A1E7A4F7556}") = "Ymiot.Core", "Ymiot.Core\Ymiot.Core.csproj", "{6B60A9B3-5E9A-4F19-8EDC-66314F4B8C5F}"
EndProject
Project("{9A19103F-16F7-4668-BE54-9A1E7A4F7556}") = "Ymiot.Test", "Ymiot.Test\Ymiot.Test.csproj", "{B936F30D-CAF7-4626-B8E0-9AE6A72940E9}"
EndProject
Global
	GlobalSection(SolutionConfigurationPlatforms) = preSolution
		Debug|Any CPU = Debug|Any CPU
		Release|Any CPU = Release|Any CPU
	EndGlobalSection
	GlobalSection(ProjectConfigurationPlatforms) = postSolution
		{6B60A9B3-5E9A-4F19-8EDC-66314F4B8C5F}.Debug|Any CPU.ActiveCfg = Debug|Any CPU
		{6B60A9B3-5E9A-4F19-8EDC-66314F4B8C5F}.Debug|Any CPU.Build.0 = Debug|Any CPU
		{6B60A9B3-5E9A-4F19-8EDC-66314F4B8C5F}.Release|Any CPU.ActiveCfg = Release|Any CPU
		{6B60A9B3-5E9A-4F19-8EDC-66314F4B8C5F}.Release|Any CPU.Build.0 = Release|Any CPU
		{B936F30D-CAF7-4626-B8E0-9AE6A72940E9}.Debug|Any CPU.ActiveCfg = Debug|Any CPU
		{B936F30D-CAF7-4626-B8E0-9AE6A72940E9}.Debug|Any CPU.Build.0 = Debug|Any CPU
		{B936F30D-CAF7-4626-B8E0-9AE6A72940E9}.Release|Any CPU.ActiveCfg = Release|Any CPU
		{B936F30D-CAF7-4626-B8E0-9AE6A72940E9}.Release|Any CPU.Build.0 = Release|Any CPU
	EndGlobalSection
	GlobalSection(SolutionProperties) = preSolution
		HideSolutionNode = FALSE
	EndGlobalSection
	GlobalSection(ExtensibilityGlobals) = postSolution
		SolutionGuid = {4B9D1A4B-30FC-4159-8724-1550F6215B36}
	EndGlobalSection
EndGlobal
